// !$*UTF8*$!
{
	archiveVersion = 1;
	classes = {
	};
	objectVersion = 46;
	objects = {

/* Begin PBXBuildFile section */
		6ADAB80F1D5AA42F00EBC061 /* AppDelegate.swift in Sources */ = {isa = PBXBuildFile; fileRef = 6ADAB80E1D5AA42F00EBC061 /* AppDelegate.swift */; };
		6ADAB8111D5AA42F00EBC061 /* ViewController.swift in Sources */ = {isa = PBXBuildFile; fileRef = 6ADAB8101D5AA42F00EBC061 /* ViewController.swift */; };
		6ADAB8141D5AA42F00EBC061 /* Main.storyboard in Resources */ = {isa = PBXBuildFile; fileRef = 6ADAB8121D5AA42F00EBC061 /* Main.storyboard */; };
		6ADAB8161D5AA42F00EBC061 /* Assets.xcassets in Resources */ = {isa = PBXBuildFile; fileRef = 6ADAB8151D5AA42F00EBC061 /* Assets.xcassets */; };
		6ADAB8191D5AA42F00EBC061 /* LaunchScreen.storyboard in Resources */ = {isa = PBXBuildFile; fileRef = 6ADAB8171D5AA42F00EBC061 /* LaunchScreen.storyboard */; };
/* End PBXBuildFile section */

/* Begin PBXFileReference section */
		6ADAB80B1D5AA42F00EBC061 /* Quiz.app */ = {isa = PBXFileReference; explicitFileType = wrapper.application; includeInIndex = 0; path = Quiz.app; sourceTree = BUILT_PRODUCTS_DIR; };
		6ADAB80E1D5AA42F00EBC061 /* AppDelegate.swift */ = {isa = PBXFileReference; lastKnownFileType = sourcecode.swift; path = AppDelegate.swift; sourceTree = "<group>"; };
		6ADAB8101D5AA42F00EBC061 /* ViewController.swift */ = {isa = PBXFileReference; lastKnownFileType = sourcecode.swift; path = ViewController.swift; sourceTree = "<group>"; };
		6ADAB8131D5AA42F00EBC061 /* Base */ = {isa = PBXFileReference; lastKnownFileType = file.storyboard; name = Base; path = Base.lproj/Main.storyboard; sourceTree = "<group>"; };
		6ADAB8151D5AA42F00EBC061 /* Assets.xcassets */ = {isa = PBXFileReference; lastKnownFileType = folder.assetcatalog; path = Assets.xcassets; sourceTree = "<group>"; };
		6ADAB8181D5AA42F00EBC061 /* Base */ = {isa = PBXFileReference; lastKnownFileType = file.storyboard; name = Base; path = Base.lproj/LaunchScreen.storyboard; sourceTree = "<group>"; };
		6ADAB81A1D5AA42F00EBC061 /* Info.plist */ = {isa = PBXFileReference; lastKnownFileType = text.plist.xml; path = Info.plist; sourceTree = "<group>"; };
/* End PBXFileReference section */

/* Begin PBXFrameworksBuildPhase section */
		6ADAB8081D5AA42F00EBC061 /* Frameworks */ = {
			isa = PBXFrameworksBuildPhase;
			buildActionMask = 2147483647;
			files = (
			);
			runOnlyForDeploymentPostprocessing = 0;
		};
/* End PBXFrameworksBuildPhase section */

/* Begin PBXGroup section */
		6ADAB8021D5AA42F00EBC061 = {
			isa = PBXGroup;
			children = (
				6ADAB80D1D5AA42F00EBC061 /* Quiz */,
				6ADAB80C1D5AA42F00EBC061 /* Products */,
			);
			sourceTree = "<group>";
		};
		6ADAB80C1D5AA42F00EBC061 /* Products */ = {
			isa = PBXGroup;
			children = (
				6ADAB80B1D5AA42F00EBC061 /* Quiz.app */,
			);
			name = Products;
			sourceTree = "<group>";
		};
		6ADAB80D1D5AA42F00EBC061 /* Quiz */ = {
			isa = PBXGroup;
			children = (
				6ADAB80E1D5AA42F00EBC061 /* AppDelegate.swift */,
				6ADAB8101D5AA42F00EBC061 /* ViewController.swift */,
				6ADAB8121D5AA42F00EBC061 /* Main.storyboard */,
				6ADAB8151D5AA42F00EBC061 /* Assets.xcassets */,
				6ADAB8171D5AA42F00EBC061 /* LaunchScreen.storyboard */,
				6ADAB81A1D5AA42F00EBC061 /* Info.plist */,
			);
			path = Quiz;
			sourceTree = "<group>";
		};
/* End PBXGroup section */

/* Begin PBXNativeTarget section */
		6ADAB80A1D5AA42F00EBC061 /* Quiz */ = {
			isa = PBXNativeTarget;
			buildConfigurationList = 6ADAB81D1D5AA42F00EBC061 /* Build configuration list for PBXNativeTarget "Quiz" */;
			buildPhases = (
				6ADAB8071D5AA42F00EBC061 /* Sources */,
				6ADAB8081D5AA42F00EBC061 /* Frameworks */,
				6ADAB8091D5AA42F00EBC061 /* Resources */,
			);
			buildRules = (
			);
			dependencies = (
			);
			name = Quiz;
			productName = Quiz;
			productReference = 6ADAB80B1D5AA42F00EBC061 /* Quiz.app */;
			productType = "com.apple.product-type.application";
		};
/* End PBXNativeTarget section */

/* Begin PBXProject section */
		6ADAB8031D5AA42F00EBC061 /* Project object */ = {
			isa = PBXProject;
			attributes = {
				LastSwiftUpdateCheck = 0730;
				LastUpgradeCheck = 0730;
				ORGANIZATIONNAME = MakingDevs;
				TargetAttributes = {
					6ADAB80A1D5AA42F00EBC061 = {
						CreatedOnToolsVersion = 7.3.1;
						DevelopmentTeam = H2WD4JANN6;
					};
				};
			};
			buildConfigurationList = 6ADAB8061D5AA42F00EBC061 /* Build configuration list for PBXProject "Quiz" */;
			compatibilityVersion = "Xcode 3.2";
			developmentRegion = English;
			hasScannedForEncodings = 0;
			knownRegions = (
				en,
				Base,
			);
			mainGroup = 6ADAB8021D5AA42F00EBC061;
			productRefGroup = 6ADAB80C1D5AA42F00EBC061 /* Products */;
			projectDirPath = "";
			projectRoot = "";
			targets = (
				6ADAB80A1D5AA42F00EBC061 /* Quiz */,
			);
		};
/* End PBXProject section */

/* Begin PBXResourcesBuildPhase section */
		6ADAB8091D5AA42F00EBC061 /* Resources */ = {
			isa = PBXResourcesBuildPhase;
			buildActionMask = 2147483647;
			files = (
				6ADAB8191D5AA42F00EBC061 /* LaunchScreen.storyboard in Resources */,
				6ADAB8161D5AA42F00EBC061 /* Assets.xcassets in Resources */,
				6ADAB8141D5AA42F00EBC061 /* Main.storyboard in Resources */,
			);
			runOnlyForDeploymentPostprocessing = 0;
		};
/* End PBXResourcesBuildPhase section */

/* Begin PBXSourcesBuildPhase section */
		6ADAB8071D5AA42F00EBC061 /* Sources */ = {
			isa = PBXSourcesBuildPhase;
			buildActionMask = 2147483647;
			files = (
				6ADAB8111D5AA42F00EBC061 /* ViewController.swift in Sources */,
				6ADAB80F1D5AA42F00EBC061 /* AppDelegate.swift in Sources */,
			);
			runOnlyForDeploymentPostprocessing = 0;
		};
/* End PBXSourcesBuildPhase section */

/* Begin PBXVariantGroup section */
		6ADAB8121D5AA42F00EBC061 /* Main.storyboard */ = {
			isa = PBXVariantGroup;
			children = (
				6ADAB8131D5AA42F00EBC061 /* Base */,
			);
			name = Main.storyboard;
			sourceTree = "<group>";
		};
		6ADAB8171D5AA42F00EBC061 /* LaunchScreen.storyboard */ = {
			isa = PBXVariantGroup;
			children = (
				6ADAB8181D5AA42F00EBC061 /* Base */,
			);
			name = LaunchScreen.storyboard;
			sourceTree = "<group>";
		};
/* End PBXVariantGroup section */

/* Begin XCBuildConfiguration section */
		6ADAB81B1D5AA42F00EBC061 /* Debug */ = {
			isa = XCBuildConfiguration;
			buildSettings = {
				ALWAYS_SEARCH_USER_PATHS = NO;
				CLANG_ANALYZER_NONNULL = YES;
				CLANG_CXX_LANGUAGE_STANDARD = "gnu++0x";
				CLANG_CXX_LIBRARY = "libc++";
				CLANG_ENABLE_MODULES = YES;
				CLANG_ENABLE_OBJC_ARC = YES;
				CLANG_WARN_BOOL_CONVERSION = YES;
				CLANG_WARN_CONSTANT_CONVERSION = YES;
				CLANG_WARN_DIRECT_OBJC_ISA_USAGE = YES_ERROR;
				CLANG_WARN_EMPTY_BODY = YES;
				CLANG_WARN_ENUM_CONVERSION = YES;
				CLANG_WARN_INT_CONVERSION = YES;
				CLANG_WARN_OBJC_ROOT_CLASS = YES_ERROR;
				CLANG_WARN_UNREACHABLE_CODE = YES;
				CLANG_WARN__DUPLICATE_METHOD_MATCH = YES;
				"CODE_SIGN_IDENTITY[sdk=iphoneos*]" = "iPhone Developer";
				COPY_PHASE_STRIP = NO;
				DEBUG_INFORMATION_FORMAT = dwarf;
				ENABLE_STRICT_OBJC_MSGSEND = YES;
				ENABLE_TESTABILITY = YES;
				GCC_C_LANGUAGE_STANDARD = gnu99;
				GCC_DYNAMIC_NO_PIC = NO;
				GCC_NO_COMMON_BLOCKS = YES;
				GCC_OPTIMIZATION_LEVEL = 0;
				GCC_PREPROCESSOR_DEFINITIONS = (
					"DEBUG=1",
					"$(inherited)",
				);
				GCC_WARN_64_TO_32_BIT_CONVERSION = YES;
				GCC_WARN_ABOUT_RETURN_TYPE = YES_ERROR;
				GCC_WARN_UNDECLARED_SELECTOR = YES;
				GCC_WARN_UNINITIALIZED_AUTOS = YES_AGGRESSIVE;
				GCC_WARN_UNUSED_FUNCTION = YES;
				GCC_WARN_UNUSED_VARIABLE = YES;
				IPHONEOS_DEPLOYMENT_TARGET = 9.3;
				MTL_ENABLE_DEBUG_INFO = YES;
				ONLY_ACTIVE_ARCH = YES;
				SDKROOT = iphoneos;
				SWIFT_OPTIMIZATION_LEVEL = "-Onone";
			};
			name = Debug;
		};
		6ADAB81C1D5AA42F00EBC061 /* Release */ = {
			isa = XCBuildConfiguration;
			buildSettings = {
				ALWAYS_SEARCH_USER_PATHS = NO;
				CLANG_ANALYZER_NONNULL = YES;
				CLANG_CXX_LANGUAGE_STANDARD = "gnu++0x";
				CLANG_CXX_LIBRARY = "libc++";
				CLANG_ENABLE_MODULES = YES;
				CLANG_ENABLE_OBJC_ARC = YES;
				CLANG_WARN_BOOL_CONVERSION = YES;
				CLANG_WARN_CONSTANT_CONVERSION = YES;
				CLANG_WARN_DIRECT_OBJC_ISA_USAGE = YES_ERROR;
				CLANG_WARN_EMPTY_BODY = YES;
				CLANG_WARN_ENUM_CONVERSION = YES;
				CLANG_WARN_INT_CONVERSION = YES;
				CLANG_WARN_OBJC_ROOT_CLASS = YES_ERROR;
				CLANG_WARN_UNREACHABLE_CODE = YES;
				CLANG_WARN__DUPLICATE_METHOD_MATCH = YES;
				"CODE_SIGN_IDENTITY[sdk=iphoneos*]" = "iPhone Developer";
				COPY_PHASE_STRIP = NO;
				DEBUG_INFORMATION_FORMAT = "dwarf-with-dsym";
				ENABLE_NS_ASSERTIONS = NO;
				ENABLE_STRICT_OBJC_MSGSEND = YES;
				GCC_C_LANGUAGE_STANDARD = gnu99;
				GCC_NO_COMMON_BLOCKS = YES;
				GCC_WARN_64_TO_32_BIT_CONVERSION = YES;
				GCC_WARN_ABOUT_RETURN_TYPE = YES_ERROR;
				GCC_WARN_UNDECLARED_SELECTOR = YES;
				GCC_WARN_UNINITIALIZED_AUTOS = YES_AGGRESSIVE;
				GCC_WARN_UNUSED_FUNCTION = YES;
				GCC_WARN_UNUSED_VARIABLE = YES;
				IPHONEOS_DEPLOYMENT_TARGET = 9.3;
				MTL_ENABLE_DEBUG_INFO = NO;
				SDKROOT = iphoneos;
				VALIDATE_PRODUCT = YES;
			};
			name = Release;
		};
		6ADAB81E1D5AA42F00EBC061 /* Debug */ = {
			isa = XCBuildConfiguration;
			buildSettings = {
				ASSETCATALOG_COMPILER_APPICON_NAME = AppIcon;
				CODE_SIGN_IDENTITY = "iPhone Developer";
				"CODE_SIGN_IDENTITY[sdk=iphoneos*]" = "iPhone Developer";
				INFOPLIST_FILE = Quiz/Info.plist;
				LD_RUNPATH_SEARCH_PATHS = "$(inherited) @executable_path/Frameworks";
				PRODUCT_BUNDLE_IDENTIFIER = com.makingdevs.Quiz;
				PRODUCT_NAME = "$(TARGET_NAME)";
				PROVISIONING_PROFILE = "";
			};
			name = Debug;
		};
		6ADAB81F1D5AA42F00EBC061 /* Release */ = {
			isa = XCBuildConfiguration;
			buildSettings = {
				ASSETCATALOG_COMPILER_APPICON_NAME = AppIcon;
				CODE_SIGN_IDENTITY = "iPhone Developer";
				"CODE_SIGN_IDENTITY[sdk=iphoneos*]" = "iPhone Developer";
				INFOPLIST_FILE = Quiz/Info.plist;
				LD_RUNPATH_SEARCH_PATHS = "$(inherited) @executable_path/Frameworks";
				PRODUCT_BUNDLE_IDENTIFIER = com.makingdevs.Quiz;
				PRODUCT_NAME = "$(TARGET_NAME)";
				PROVISIONING_PROFILE = "";
			};
			name = Release;
		};
/* End XCBuildConfiguration section */

/* Begin XCConfigurationList section */
		6ADAB8061D5AA42F00EBC061 /* Build configuration list for PBXProject "Quiz" */ = {
			isa = XCConfigurationList;
			buildConfigurations = (
				6ADAB81B1D5AA42F00EBC061 /* Debug */,
				6ADAB81C1D5AA42F00EBC061 /* Release */,
			);
			defaultConfigurationIsVisible = 0;
			defaultConfigurationName = Release;
		};
		6ADAB81D1D5AA42F00EBC061 /* Build configuration list for PBXNativeTarget "Quiz" */ = {
			isa = XCConfigurationList;
			buildConfigurations = (
				6ADAB81E1D5AA42F00EBC061 /* Debug */,
				6ADAB81F1D5AA42F00EBC061 /* Release */,
			);
			defaultConfigurationIsVisible = 0;
			defaultConfigurationName = Release;
		};
/* End XCConfigurationList section */
	};
	rootObject = 6ADAB8031D5AA42F00EBC061 /* Project object */;
}
